
Microsoft Visual Studio Solution File, Format Version 12.00
# Visual Studio Version 16
VisualStudioVersion = 16.0.29411.108
MinimumVisualStudioVersion = 10.0.40219.1
Project("{FAE04EC0-301F-11D3-BF4B-00C04F79EFBC}") = "Dependency_Injection5_4", "Dependency_Injection5_4\Dependency_Injection5_4.csproj", "{BB4554B1-8046-4EDF-A838-2FFDE513C91E}"
EndProject
Global
	GlobalSection(SolutionConfigurationPlatforms) = preSolution
		Debug|Any CPU = Debug|Any CPU
		Release|Any CPU = Release|Any CPU
	EndGlobalSection
	GlobalSection(ProjectConfigurationPlatforms) = postSolution
		{BB4554B1-8046-4EDF-A838-2FFDE513C91E}.Debug|Any CPU.ActiveCfg = Debug|Any CPU
		{BB4554B1-8046-4EDF-A838-2FFDE513C91E}.Debug|Any CPU.Build.0 = Debug|Any CPU
		{BB4554B1-8046-4EDF-A838-2FFDE513C91E}.Release|Any CPU.ActiveCfg = Release|Any CPU
		{BB4554B1-8046-4EDF-A838-2FFDE513C91E}.Release|Any CPU.Build.0 = Release|Any CPU
	EndGlobalSection
	GlobalSection(SolutionProperties) = preSolution
		HideSolutionNode = FALSE
	EndGlobalSection
	GlobalSection(ExtensibilityGlobals) = postSolution
		SolutionGuid = {94F978CB-DE96-465C-BD18-248B91223964}
	EndGlobalSection
EndGlobal
